{
  "requires": true,
  "lockfileVersion": 1,
  "dependencies": {
    "@angular/platform-browser": {
      "version": "10.1.1",
      "resolved": "https://registry.npmjs.org/@angular/platform-browser/-/platform-browser-10.1.1.tgz",
      "integrity": "sha512-rbI4fu6HRj7b+6MB8HWOdaYmV3CSjOyyrVqWAcNuXfNwZk/KE/OHvLSvQf7dMKnatJARa9bMrZdSQZqPuig1hA==",
      "requires": {
        "tslib": "^2.0.0"
      }
    },
    "tslib": {
      "version": "2.0.1",
      "resolved": "https://registry.npmjs.org/tslib/-/tslib-2.0.1.tgz",
      "integrity": "sha512-SgIkNheinmEBgx1IUNirK0TUD4X9yjjBRTqqjggWCU3pUEqIk3/Uwl3yRixYKT6WjQuGiwDv4NomL3wqRCj+CQ=="
    }
  }
}
